
Microsoft Visual Studio Solution File, Format Version 12.00
# Visual Studio 15
VisualStudioVersion = 15.0.26124.0
MinimumVisualStudioVersion = 15.0.26124.0
Project("{FAE04EC0-301F-11D3-BF4B-00C04F79EFBC}") = "Domain", "Domain\Domain.csproj", "{DCF66E41-6863-4FB9-9341-A69168AA4A7D}"
EndProject
Project("{FAE04EC0-301F-11D3-BF4B-00C04F79EFBC}") = "Application", "Application\Application.csproj", "{A3BD6C7B-4E5F-4C30-AD1C-85E1DFF1FC16}"
EndProject
Project("{FAE04EC0-301F-11D3-BF4B-00C04F79EFBC}") = "Persistence", "Persistence\Persistence.csproj", "{F1BEF88A-1796-4936-8A60-8FFCBDB25369}"
EndProject
Project("{FAE04EC0-301F-11D3-BF4B-00C04F79EFBC}") = "API", "API\API.csproj", "{E2B78B87-4020-4FE6-B09E-C99F30169D30}"
EndProject
Global
	GlobalSection(SolutionConfigurationPlatforms) = preSolution
		Debug|Any CPU = Debug|Any CPU
		Debug|x64 = Debug|x64
		Debug|x86 = Debug|x86
		Release|Any CPU = Release|Any CPU
		Release|x64 = Release|x64
		Release|x86 = Release|x86
	EndGlobalSection
	GlobalSection(SolutionProperties) = preSolution
		HideSolutionNode = FALSE
	EndGlobalSection
	GlobalSection(ProjectConfigurationPlatforms) = postSolution
		{DCF66E41-6863-4FB9-9341-A69168AA4A7D}.Debug|Any CPU.ActiveCfg = Debug|Any CPU
		{DCF66E41-6863-4FB9-9341-A69168AA4A7D}.Debug|Any CPU.Build.0 = Debug|Any CPU
		{DCF66E41-6863-4FB9-9341-A69168AA4A7D}.Debug|x64.ActiveCfg = Debug|Any CPU
		{DCF66E41-6863-4FB9-9341-A69168AA4A7D}.Debug|x64.Build.0 = Debug|Any CPU
		{DCF66E41-6863-4FB9-9341-A69168AA4A7D}.Debug|x86.ActiveCfg = Debug|Any CPU
		{DCF66E41-6863-4FB9-9341-A69168AA4A7D}.Debug|x86.Build.0 = Debug|Any CPU
		{DCF66E41-6863-4FB9-9341-A69168AA4A7D}.Release|Any CPU.ActiveCfg = Release|Any CPU
		{DCF66E41-6863-4FB9-9341-A69168AA4A7D}.Release|Any CPU.Build.0 = Release|Any CPU
		{DCF66E41-6863-4FB9-9341-A69168AA4A7D}.Release|x64.ActiveCfg = Release|Any CPU
		{DCF66E41-6863-4FB9-9341-A69168AA4A7D}.Release|x64.Build.0 = Release|Any CPU
		{DCF66E41-6863-4FB9-9341-A69168AA4A7D}.Release|x86.ActiveCfg = Release|Any CPU
		{DCF66E41-6863-4FB9-9341-A69168AA4A7D}.Release|x86.Build.0 = Release|Any CPU
		{A3BD6C7B-4E5F-4C30-AD1C-85E1DFF1FC16}.Debug|Any CPU.ActiveCfg = Debug|Any CPU
		{A3BD6C7B-4E5F-4C30-AD1C-85E1DFF1FC16}.Debug|Any CPU.Build.0 = Debug|Any CPU
		{A3BD6C7B-4E5F-4C30-AD1C-85E1DFF1FC16}.Debug|x64.ActiveCfg = Debug|Any CPU
		{A3BD6C7B-4E5F-4C30-AD1C-85E1DFF1FC16}.Debug|x64.Build.0 = Debug|Any CPU
		{A3BD6C7B-4E5F-4C30-AD1C-85E1DFF1FC16}.Debug|x86.ActiveCfg = Debug|Any CPU
		{A3BD6C7B-4E5F-4C30-AD1C-85E1DFF1FC16}.Debug|x86.Build.0 = Debug|Any CPU
		{A3BD6C7B-4E5F-4C30-AD1C-85E1DFF1FC16}.Release|Any CPU.ActiveCfg = Release|Any CPU
		{A3BD6C7B-4E5F-4C30-AD1C-85E1DFF1FC16}.Release|Any CPU.Build.0 = Release|Any CPU
		{A3BD6C7B-4E5F-4C30-AD1C-85E1DFF1FC16}.Release|x64.ActiveCfg = Release|Any CPU
		{A3BD6C7B-4E5F-4C30-AD1C-85E1DFF1FC16}.Release|x64.Build.0 = Release|Any CPU
		{A3BD6C7B-4E5F-4C30-AD1C-85E1DFF1FC16}.Release|x86.ActiveCfg = Release|Any CPU
		{A3BD6C7B-4E5F-4C30-AD1C-85E1DFF1FC16}.Release|x86.Build.0 = Release|Any CPU
		{F1BEF88A-1796-4936-8A60-8FFCBDB25369}.Debug|Any CPU.ActiveCfg = Debug|Any CPU
		{F1BEF88A-1796-4936-8A60-8FFCBDB25369}.Debug|Any CPU.Build.0 = Debug|Any CPU
		{F1BEF88A-1796-4936-8A60-8FFCBDB25369}.Debug|x64.ActiveCfg = Debug|Any CPU
		{F1BEF88A-1796-4936-8A60-8FFCBDB25369}.Debug|x64.Build.0 = Debug|Any CPU
		{F1BEF88A-1796-4936-8A60-8FFCBDB25369}.Debug|x86.ActiveCfg = Debug|Any CPU
		{F1BEF88A-1796-4936-8A60-8FFCBDB25369}.Debug|x86.Build.0 = Debug|Any CPU
		{F1BEF88A-1796-4936-8A60-8FFCBDB25369}.Release|Any CPU.ActiveCfg = Release|Any CPU
		{F1BEF88A-1796-4936-8A60-8FFCBDB25369}.Release|Any CPU.Build.0 = Release|Any CPU
		{F1BEF88A-1796-4936-8A60-8FFCBDB25369}.Release|x64.ActiveCfg = Release|Any CPU
		{F1BEF88A-1796-4936-8A60-8FFCBDB25369}.Release|x64.Build.0 = Release|Any CPU
		{F1BEF88A-1796-4936-8A60-8FFCBDB25369}.Release|x86.ActiveCfg = Release|Any CPU
		{F1BEF88A-1796-4936-8A60-8FFCBDB25369}.Release|x86.Build.0 = Release|Any CPU
		{E2B78B87-4020-4FE6-B09E-C99F30169D30}.Debug|Any CPU.ActiveCfg = Debug|Any CPU
		{E2B78B87-4020-4FE6-B09E-C99F30169D30}.Debug|Any CPU.Build.0 = Debug|Any CPU
		{E2B78B87-4020-4FE6-B09E-C99F30169D30}.Debug|x64.ActiveCfg = Debug|Any CPU
		{E2B78B87-4020-4FE6-B09E-C99F30169D30}.Debug|x64.Build.0 = Debug|Any CPU
		{E2B78B87-4020-4FE6-B09E-C99F30169D30}.Debug|x86.ActiveCfg = Debug|Any CPU
		{E2B78B87-4020-4FE6-B09E-C99F30169D30}.Debug|x86.Build.0 = Debug|Any CPU
		{E2B78B87-4020-4FE6-B09E-C99F30169D30}.Release|Any CPU.ActiveCfg = Release|Any CPU
		{E2B78B87-4020-4FE6-B09E-C99F30169D30}.Release|Any CPU.Build.0 = Release|Any CPU
		{E2B78B87-4020-4FE6-B09E-C99F30169D30}.Release|x64.ActiveCfg = Release|Any CPU
		{E2B78B87-4020-4FE6-B09E-C99F30169D30}.Release|x64.Build.0 = Release|Any CPU
		{E2B78B87-4020-4FE6-B09E-C99F30169D30}.Release|x86.ActiveCfg = Release|Any CPU
		{E2B78B87-4020-4FE6-B09E-C99F30169D30}.Release|x86.Build.0 = Release|Any CPU
	EndGlobalSection
EndGlobal
